{
  "lockfileVersion": 1,
  "workspaces": {
    "": {
      "name": "scientist-workbench",
      "devDependencies": {
        "@types/bun": "^1.3.0",
        "typescript": "^5.6.0",
      },
    },
    "packages/alg-num": {
      "name": "@workbench/alg-num",
      "version": "0.1.0",
      "dependencies": {
        "@workbench/cas-core": "workspace:*",
        "@workbench/poly-factor": "workspace:*",
        "@workbench/protocol": "workspace:*",
        "@workbench/real-roots": "workspace:*",
      },
    },
    "packages/bigfloat": {
      "name": "@workbench/bigfloat",
      "version": "0.1.0",
      "dependencies": {
        "@workbench/protocol": "workspace:*",
      },
    },
    "packages/cas-core": {
      "name": "@workbench/cas-core",
      "version": "0.2.0",
      "dependencies": {
        "@workbench/mod-core": "workspace:*",
        "@workbench/protocol": "workspace:*",
      },
    },
    "packages/compose": {
      "name": "@workbench/compose",
      "version": "0.1.0",
      "dependencies": {
        "@workbench/contract": "workspace:*",
        "@workbench/protocol": "workspace:*",
      },
    },
    "packages/contract": {
      "name": "@workbench/contract",
      "version": "0.2.0",
      "dependencies": {
        "@workbench/protocol": "workspace:*",
      },
    },
    "packages/hypergeometric": {
      "name": "@workbench/hypergeometric",
      "version": "0.1.0",
      "dependencies": {
        "@workbench/bigfloat": "workspace:*",
      },
    },
    "packages/json-bridge": {
      "name": "@workbench/json-bridge",
      "version": "0.1.0",
      "dependencies": {
        "@workbench/protocol": "workspace:*",
      },
    },
    "packages/lbfgs-projected": {
      "name": "@workbench/lbfgs-projected",
      "version": "0.1.0",
    },
    "packages/linalg-core": {
      "name": "@workbench/linalg-core",
      "version": "0.1.0",
    },
    "packages/meijer-core": {
      "name": "@workbench/meijer-core",
      "version": "0.1.0",
      "dependencies": {
        "@workbench/bigfloat": "workspace:*",
        "@workbench/cas-core": "workspace:*",
        "@workbench/hypergeometric": "workspace:*",
        "@workbench/protocol": "workspace:*",
        "@workbench/quadrature": "workspace:*",
      },
    },
    "packages/mod-core": {
      "name": "@workbench/mod-core",
      "version": "0.1.0",
      "dependencies": {
        "@workbench/protocol": "workspace:*",
      },
    },
    "packages/ode-core": {
      "name": "@workbench/ode-core",
      "version": "0.1.0",
      "dependencies": {
        "@workbench/protocol": "workspace:*",
        "@workbench/quadrature": "workspace:*",
      },
    },
    "packages/poly-factor": {
      "name": "@workbench/poly-factor",
      "version": "0.1.0",
      "dependencies": {
        "@workbench/cas-core": "workspace:*",
      },
    },
    "packages/protocol": {
      "name": "@workbench/protocol",
      "version": "0.2.0",
    },
    "packages/quadrature": {
      "name": "@workbench/quadrature",
      "version": "0.1.0",
      "dependencies": {
        "@workbench/bigfloat": "workspace:*",
        "@workbench/protocol": "workspace:*",
      },
    },
    "packages/real-roots": {
      "name": "@workbench/real-roots",
      "version": "0.1.0",
      "dependencies": {
        "@workbench/cas-core": "workspace:*",
        "@workbench/protocol": "workspace:*",
      },
    },
    "packages/solve": {
      "name": "@workbench/solve",
      "version": "0.1.0",
      "dependencies": {
        "@workbench/alg-num": "workspace:*",
        "@workbench/cas-core": "workspace:*",
        "@workbench/poly-factor": "workspace:*",
        "@workbench/protocol": "workspace:*",
        "@workbench/real-roots": "workspace:*",
      },
    },
    "packages/sturm": {
      "name": "@workbench/sturm",
      "version": "0.1.0",
      "dependencies": {
        "@workbench/contract": "workspace:*",
        "@workbench/protocol": "workspace:*",
        "@workbench/sturm-ir": "workspace:*",
      },
    },
    "packages/sturm-ir": {
      "name": "@workbench/sturm-ir",
      "version": "0.1.0",
      "dependencies": {
        "@workbench/protocol": "workspace:*",
      },
    },
    "packages/sturm-lib": {
      "name": "@workbench/sturm-lib",
      "version": "0.1.0",
      "dependencies": {
        "@workbench/contract": "workspace:*",
        "@workbench/protocol": "workspace:*",
        "@workbench/sturm": "workspace:*",
        "@workbench/sturm-ir": "workspace:*",
      },
    },
    "tools/alg-num-arith": {
      "name": "@workbench/tool-alg-num-arith",
      "version": "0.1.0",
      "dependencies": {
        "@workbench/alg-num": "workspace:*",
        "@workbench/contract": "workspace:*",
        "@workbench/protocol": "workspace:*",
      },
    },
    "tools/cas-diff": {
      "name": "@workbench/tool-cas-diff",
      "version": "0.1.0",
      "dependencies": {
        "@workbench/cas-core": "workspace:*",
        "@workbench/contract": "workspace:*",
        "@workbench/protocol": "workspace:*",
        "@workbench/quadrature": "workspace:*",
      },
    },
    "tools/cas-simplify": {
      "name": "@workbench/tool-cas-simplify",
      "version": "0.2.0",
      "dependencies": {
        "@workbench/cas-core": "workspace:*",
        "@workbench/contract": "workspace:*",
        "@workbench/protocol": "workspace:*",
      },
    },
    "tools/cas-verify": {
      "name": "@workbench/tool-cas-verify",
      "version": "0.2.0",
      "dependencies": {
        "@workbench/cas-core": "workspace:*",
        "@workbench/contract": "workspace:*",
        "@workbench/protocol": "workspace:*",
      },
    },
    "tools/entropy-source": {
      "name": "@workbench/tool-entropy-source",
      "version": "0.1.0",
      "dependencies": {
        "@workbench/contract": "workspace:*",
        "@workbench/protocol": "workspace:*",
      },
    },
    "tools/expr-parse": {
      "name": "@workbench/tool-expr-parse",
      "version": "0.2.0",
      "dependencies": {
        "@workbench/contract": "workspace:*",
        "@workbench/protocol": "workspace:*",
      },
    },
    "tools/hypergeometric-pfq": {
      "name": "@workbench/tool-hypergeometric-pfq",
      "version": "0.1.0",
      "dependencies": {
        "@workbench/bigfloat": "workspace:*",
        "@workbench/contract": "workspace:*",
        "@workbench/hypergeometric": "workspace:*",
        "@workbench/protocol": "workspace:*",
      },
    },
    "tools/integrate-1d": {
      "name": "@workbench/tool-integrate-1d",
      "version": "0.1.0",
      "dependencies": {
        "@workbench/contract": "workspace:*",
        "@workbench/protocol": "workspace:*",
        "@workbench/quadrature": "workspace:*",
      },
    },
    "tools/integrate-ode-ivp": {
      "name": "@workbench/tool-integrate-ode-ivp",
      "version": "0.1.0",
      "dependencies": {
        "@workbench/contract": "workspace:*",
        "@workbench/ode-core": "workspace:*",
        "@workbench/protocol": "workspace:*",
        "@workbench/quadrature": "workspace:*",
      },
    },
    "tools/integrate-ode-stiff": {
      "name": "@workbench/tool-integrate-ode-stiff",
      "version": "0.1.0",
      "dependencies": {
        "@workbench/compose": "workspace:*",
        "@workbench/contract": "workspace:*",
        "@workbench/ode-core": "workspace:*",
        "@workbench/protocol": "workspace:*",
        "@workbench/quadrature": "workspace:*",
      },
    },
    "tools/integrate-ode-symplectic": {
      "name": "@workbench/tool-integrate-ode-symplectic",
      "version": "0.1.0",
      "dependencies": {
        "@workbench/compose": "workspace:*",
        "@workbench/contract": "workspace:*",
        "@workbench/ode-core": "workspace:*",
        "@workbench/protocol": "workspace:*",
        "@workbench/quadrature": "workspace:*",
      },
    },
    "tools/linalg-eigh": {
      "name": "@workbench/tool-linalg-eigh",
      "version": "0.1.0",
      "dependencies": {
        "@workbench/contract": "workspace:*",
        "@workbench/linalg-core": "workspace:*",
        "@workbench/protocol": "workspace:*",
      },
    },
    "tools/linalg-qr": {
      "name": "@workbench/tool-linalg-qr",
      "version": "0.1.0",
      "dependencies": {
        "@workbench/contract": "workspace:*",
        "@workbench/linalg-core": "workspace:*",
        "@workbench/protocol": "workspace:*",
      },
    },
    "tools/linalg-solve": {
      "name": "@workbench/tool-linalg-solve",
      "version": "0.1.0",
      "dependencies": {
        "@workbench/contract": "workspace:*",
        "@workbench/linalg-core": "workspace:*",
        "@workbench/protocol": "workspace:*",
      },
    },
    "tools/linalg-svd": {
      "name": "@workbench/tool-linalg-svd",
      "version": "0.1.0",
      "dependencies": {
        "@workbench/contract": "workspace:*",
        "@workbench/linalg-core": "workspace:*",
        "@workbench/protocol": "workspace:*",
      },
    },
    "tools/linsolve-q": {
      "name": "@workbench/tool-linsolve-q",
      "version": "0.1.0",
      "dependencies": {
        "@workbench/cas-core": "workspace:*",
        "@workbench/contract": "workspace:*",
        "@workbench/protocol": "workspace:*",
      },
    },
    "tools/meijer-g-slater-only": {
      "name": "@workbench/tool-meijer-g-slater-only",
      "version": "0.1.0",
      "dependencies": {
        "@workbench/bigfloat": "workspace:*",
        "@workbench/contract": "workspace:*",
        "@workbench/meijer-core": "workspace:*",
        "@workbench/protocol": "workspace:*",
      },
    },
    "tools/meijer-g-symbolic-only": {
      "name": "@workbench/tool-meijer-g-symbolic-only",
      "version": "0.1.0",
      "dependencies": {
        "@workbench/cas-core": "workspace:*",
        "@workbench/contract": "workspace:*",
        "@workbench/meijer-core": "workspace:*",
        "@workbench/protocol": "workspace:*",
      },
    },
    "tools/mod-inv": {
      "name": "@workbench/tool-mod-inv",
      "version": "0.1.0",
      "dependencies": {
        "@workbench/contract": "workspace:*",
        "@workbench/mod-core": "workspace:*",
        "@workbench/protocol": "workspace:*",
      },
    },
    "tools/mod-pow": {
      "name": "@workbench/tool-mod-pow",
      "version": "0.1.0",
      "dependencies": {
        "@workbench/contract": "workspace:*",
        "@workbench/mod-core": "workspace:*",
        "@workbench/protocol": "workspace:*",
      },
    },
    "tools/ntt": {
      "name": "@workbench/tool-ntt",
      "version": "0.1.0",
      "dependencies": {
        "@workbench/contract": "workspace:*",
        "@workbench/mod-core": "workspace:*",
        "@workbench/protocol": "workspace:*",
      },
    },
    "tools/optimize-lbfgs-projected": {
      "name": "@workbench/tool-optimize-lbfgs-projected",
      "version": "0.1.0",
      "dependencies": {
        "@workbench/contract": "workspace:*",
        "@workbench/lbfgs-projected": "workspace:*",
        "@workbench/protocol": "workspace:*",
        "@workbench/quadrature": "workspace:*",
      },
    },
    "tools/oracle": {
      "name": "@workbench/tool-oracle",
      "version": "0.2.0",
      "dependencies": {
        "@workbench/contract": "workspace:*",
        "@workbench/protocol": "workspace:*",
      },
    },
    "tools/poly-factor": {
      "name": "@workbench/tool-poly-factor",
      "version": "0.1.0",
      "dependencies": {
        "@workbench/cas-core": "workspace:*",
        "@workbench/contract": "workspace:*",
        "@workbench/poly-factor": "workspace:*",
        "@workbench/protocol": "workspace:*",
      },
    },
    "tools/poly-roots": {
      "name": "@workbench/tool-poly-roots",
      "version": "0.2.0",
      "dependencies": {
        "@workbench/alg-num": "workspace:*",
        "@workbench/cas-core": "workspace:*",
        "@workbench/contract": "workspace:*",
        "@workbench/poly-factor": "workspace:*",
        "@workbench/protocol": "workspace:*",
        "@workbench/real-roots": "workspace:*",
      },
    },
    "tools/real-root-isolate": {
      "name": "@workbench/tool-real-root-isolate",
      "version": "0.1.0",
      "dependencies": {
        "@workbench/cas-core": "workspace:*",
        "@workbench/contract": "workspace:*",
        "@workbench/protocol": "workspace:*",
        "@workbench/real-roots": "workspace:*",
      },
    },
    "tools/registry-list": {
      "name": "@workbench/tool-registry-list",
      "version": "0.2.0",
      "dependencies": {
        "@workbench/contract": "workspace:*",
        "@workbench/protocol": "workspace:*",
      },
    },
    "tools/registry-search": {
      "name": "@workbench/tool-registry-search",
      "version": "0.2.0",
      "dependencies": {
        "@workbench/contract": "workspace:*",
        "@workbench/protocol": "workspace:*",
      },
    },
    "tools/solve": {
      "name": "@workbench/tool-solve",
      "version": "0.1.0",
      "dependencies": {
        "@workbench/cas-core": "workspace:*",
        "@workbench/contract": "workspace:*",
        "@workbench/protocol": "workspace:*",
        "@workbench/solve": "workspace:*",
      },
    },
    "tools/sturm-controlled": {
      "name": "@workbench/tool-sturm-controlled",
      "version": "0.1.0",
      "dependencies": {
        "@workbench/contract": "workspace:*",
        "@workbench/protocol": "workspace:*",
        "@workbench/sturm-ir": "workspace:*",
      },
    },
    "tools/sturm-equivalent": {
      "name": "@workbench/tool-sturm-equivalent",
      "version": "0.1.0",
      "dependencies": {
        "@workbench/contract": "workspace:*",
        "@workbench/protocol": "workspace:*",
        "@workbench/sturm-ir": "workspace:*",
      },
    },
    "tools/sturm-execute": {
      "name": "@workbench/tool-sturm-execute",
      "version": "0.1.0",
      "dependencies": {
        "@workbench/contract": "workspace:*",
        "@workbench/protocol": "workspace:*",
        "@workbench/sturm-ir": "workspace:*",
      },
    },
    "tools/sturm-find": {
      "name": "@workbench/tool-sturm-find",
      "version": "0.1.0",
      "dependencies": {
        "@workbench/contract": "workspace:*",
        "@workbench/protocol": "workspace:*",
        "@workbench/sturm": "workspace:*",
        "@workbench/sturm-lib": "workspace:*",
      },
    },
    "tools/sturm-sample": {
      "name": "@workbench/tool-sturm-sample",
      "version": "0.1.0",
      "dependencies": {
        "@workbench/contract": "workspace:*",
        "@workbench/protocol": "workspace:*",
      },
    },
    "tools/sturm-simplify": {
      "name": "@workbench/tool-sturm-simplify",
      "version": "0.1.0",
      "dependencies": {
        "@workbench/cas-core": "workspace:*",
        "@workbench/contract": "workspace:*",
        "@workbench/protocol": "workspace:*",
        "@workbench/sturm-ir": "workspace:*",
      },
    },
    "tools/sturm-tensor": {
      "name": "@workbench/tool-sturm-tensor",
      "version": "0.1.0",
      "dependencies": {
        "@workbench/contract": "workspace:*",
        "@workbench/protocol": "workspace:*",
        "@workbench/sturm-ir": "workspace:*",
      },
    },
    "tools/sturm-then": {
      "name": "@workbench/tool-sturm-then",
      "version": "0.1.0",
      "dependencies": {
        "@workbench/contract": "workspace:*",
        "@workbench/protocol": "workspace:*",
        "@workbench/sturm-ir": "workspace:*",
      },
    },
  },
  "packages": {
    "@types/bun": ["@types/bun@1.3.13", "", { "dependencies": { "bun-types": "1.3.13" } }, "sha512-9fqXWk5YIHGGnUau9TEi+qdlTYDAnOj+xLCmSTwXfAIqXr2x4tytJb43E9uCvt09zJURKXwAtkoH4nLQfzeTXw=="],

    "@types/node": ["@types/node@25.6.0", "", { "dependencies": { "undici-types": "~7.19.0" } }, "sha512-+qIYRKdNYJwY3vRCZMdJbPLJAtGjQBudzZzdzwQYkEPQd+PJGixUL5QfvCLDaULoLv+RhT3LDkwEfKaAkgSmNQ=="],

    "@workbench/alg-num": ["@workbench/alg-num@workspace:packages/alg-num"],

    "@workbench/bigfloat": ["@workbench/bigfloat@workspace:packages/bigfloat"],

    "@workbench/cas-core": ["@workbench/cas-core@workspace:packages/cas-core"],

    "@workbench/compose": ["@workbench/compose@workspace:packages/compose"],

    "@workbench/contract": ["@workbench/contract@workspace:packages/contract"],

    "@workbench/hypergeometric": ["@workbench/hypergeometric@workspace:packages/hypergeometric"],

    "@workbench/json-bridge": ["@workbench/json-bridge@workspace:packages/json-bridge"],

    "@workbench/lbfgs-projected": ["@workbench/lbfgs-projected@workspace:packages/lbfgs-projected"],

    "@workbench/linalg-core": ["@workbench/linalg-core@workspace:packages/linalg-core"],

    "@workbench/meijer-core": ["@workbench/meijer-core@workspace:packages/meijer-core"],

    "@workbench/mod-core": ["@workbench/mod-core@workspace:packages/mod-core"],

    "@workbench/ode-core": ["@workbench/ode-core@workspace:packages/ode-core"],

    "@workbench/poly-factor": ["@workbench/poly-factor@workspace:packages/poly-factor"],

    "@workbench/protocol": ["@workbench/protocol@workspace:packages/protocol"],

    "@workbench/quadrature": ["@workbench/quadrature@workspace:packages/quadrature"],

    "@workbench/real-roots": ["@workbench/real-roots@workspace:packages/real-roots"],

    "@workbench/solve": ["@workbench/solve@workspace:packages/solve"],

    "@workbench/sturm": ["@workbench/sturm@workspace:packages/sturm"],

    "@workbench/sturm-ir": ["@workbench/sturm-ir@workspace:packages/sturm-ir"],

    "@workbench/sturm-lib": ["@workbench/sturm-lib@workspace:packages/sturm-lib"],

    "@workbench/tool-alg-num-arith": ["@workbench/tool-alg-num-arith@workspace:tools/alg-num-arith"],

    "@workbench/tool-cas-diff": ["@workbench/tool-cas-diff@workspace:tools/cas-diff"],

    "@workbench/tool-cas-simplify": ["@workbench/tool-cas-simplify@workspace:tools/cas-simplify"],

    "@workbench/tool-cas-verify": ["@workbench/tool-cas-verify@workspace:tools/cas-verify"],

    "@workbench/tool-entropy-source": ["@workbench/tool-entropy-source@workspace:tools/entropy-source"],

    "@workbench/tool-expr-parse": ["@workbench/tool-expr-parse@workspace:tools/expr-parse"],

    "@workbench/tool-hypergeometric-pfq": ["@workbench/tool-hypergeometric-pfq@workspace:tools/hypergeometric-pfq"],

    "@workbench/tool-integrate-1d": ["@workbench/tool-integrate-1d@workspace:tools/integrate-1d"],

    "@workbench/tool-integrate-ode-ivp": ["@workbench/tool-integrate-ode-ivp@workspace:tools/integrate-ode-ivp"],

    "@workbench/tool-integrate-ode-stiff": ["@workbench/tool-integrate-ode-stiff@workspace:tools/integrate-ode-stiff"],

    "@workbench/tool-integrate-ode-symplectic": ["@workbench/tool-integrate-ode-symplectic@workspace:tools/integrate-ode-symplectic"],

    "@workbench/tool-linalg-eigh": ["@workbench/tool-linalg-eigh@workspace:tools/linalg-eigh"],

    "@workbench/tool-linalg-qr": ["@workbench/tool-linalg-qr@workspace:tools/linalg-qr"],

    "@workbench/tool-linalg-solve": ["@workbench/tool-linalg-solve@workspace:tools/linalg-solve"],

    "@workbench/tool-linalg-svd": ["@workbench/tool-linalg-svd@workspace:tools/linalg-svd"],

    "@workbench/tool-linsolve-q": ["@workbench/tool-linsolve-q@workspace:tools/linsolve-q"],

    "@workbench/tool-meijer-g-slater-only": ["@workbench/tool-meijer-g-slater-only@workspace:tools/meijer-g-slater-only"],

    "@workbench/tool-meijer-g-symbolic-only": ["@workbench/tool-meijer-g-symbolic-only@workspace:tools/meijer-g-symbolic-only"],

    "@workbench/tool-mod-inv": ["@workbench/tool-mod-inv@workspace:tools/mod-inv"],

    "@workbench/tool-mod-pow": ["@workbench/tool-mod-pow@workspace:tools/mod-pow"],

    "@workbench/tool-ntt": ["@workbench/tool-ntt@workspace:tools/ntt"],

    "@workbench/tool-optimize-lbfgs-projected": ["@workbench/tool-optimize-lbfgs-projected@workspace:tools/optimize-lbfgs-projected"],

    "@workbench/tool-oracle": ["@workbench/tool-oracle@workspace:tools/oracle"],

    "@workbench/tool-poly-factor": ["@workbench/tool-poly-factor@workspace:tools/poly-factor"],

    "@workbench/tool-poly-roots": ["@workbench/tool-poly-roots@workspace:tools/poly-roots"],

    "@workbench/tool-real-root-isolate": ["@workbench/tool-real-root-isolate@workspace:tools/real-root-isolate"],

    "@workbench/tool-registry-list": ["@workbench/tool-registry-list@workspace:tools/registry-list"],

    "@workbench/tool-registry-search": ["@workbench/tool-registry-search@workspace:tools/registry-search"],

    "@workbench/tool-solve": ["@workbench/tool-solve@workspace:tools/solve"],

    "@workbench/tool-sturm-controlled": ["@workbench/tool-sturm-controlled@workspace:tools/sturm-controlled"],

    "@workbench/tool-sturm-equivalent": ["@workbench/tool-sturm-equivalent@workspace:tools/sturm-equivalent"],

    "@workbench/tool-sturm-execute": ["@workbench/tool-sturm-execute@workspace:tools/sturm-execute"],

    "@workbench/tool-sturm-find": ["@workbench/tool-sturm-find@workspace:tools/sturm-find"],

    "@workbench/tool-sturm-sample": ["@workbench/tool-sturm-sample@workspace:tools/sturm-sample"],

    "@workbench/tool-sturm-simplify": ["@workbench/tool-sturm-simplify@workspace:tools/sturm-simplify"],

    "@workbench/tool-sturm-tensor": ["@workbench/tool-sturm-tensor@workspace:tools/sturm-tensor"],

    "@workbench/tool-sturm-then": ["@workbench/tool-sturm-then@workspace:tools/sturm-then"],

    "bun-types": ["bun-types@1.3.13", "", { "dependencies": { "@types/node": "*" } }, "sha512-QXKeHLlOLqQX9LgYaHJfzdBaV21T63HhFJnvuRCcjZiaUDpbs5ED1MgxbMra71CsryN/1dAoXuJJJwIv/2drVA=="],

    "typescript": ["typescript@5.9.3", "", { "bin": { "tsc": "bin/tsc", "tsserver": "bin/tsserver" } }, "sha512-jl1vZzPDinLr9eUt3J/t7V6FgNEw9QjvBPdysz9KfQDD41fQrC2Y4vKQdiaUpFT4bXlb1RHhLpp8wtm6M5TgSw=="],

    "undici-types": ["undici-types@7.19.2", "", {}, "sha512-qYVnV5OEm2AW8cJMCpdV20CDyaN3g0AjDlOGf1OW4iaDEx8MwdtChUp4zu4H0VP3nDRF/8RKWH+IPp9uW0YGZg=="],
  }
}
